
Microsoft Visual Studio Solution File, Format Version 11.00
# Visual Studio 2010
Project("{FAE04EC0-301F-11D3-BF4B-00C04F79EFBC}") = "Coupling.Web", "Coupling.Web\Coupling.Web.csproj", "{ACA4B94D-3F67-47C8-B1C7-551F17E9D788}"
EndProject
Project("{FAE04EC0-301F-11D3-BF4B-00C04F79EFBC}") = "Coupling.Domain", "Coupling.Domain\Coupling.Domain.csproj", "{5F024EF9-F508-472B-9BBA-8557DBD7FF2E}"
EndProject
Project("{FAE04EC0-301F-11D3-BF4B-00C04F79EFBC}") = "Coupling.Domain.Persistence.Raven", "Coupling.Domain.Persistence.Raven\Coupling.Domain.Persistence.Raven.csproj", "{5AA5D2EB-DC5B-4557-831E-52B61BDB72B1}"
EndProject
Project("{FAE04EC0-301F-11D3-BF4B-00C04F79EFBC}") = "Coupling.Web.ApplicationServices", "Coupling.Web.ApplicationServices\Coupling.Web.ApplicationServices.csproj", "{EDCFFD36-B49F-4502-B034-BD91E19BAD9A}"
EndProject
Project("{FAE04EC0-301F-11D3-BF4B-00C04F79EFBC}") = "Coupling.Web.ApplicationServices.Tests", "Coupling.Web.ApplicationServices.Tests\Coupling.Web.ApplicationServices.Tests.csproj", "{193B6D01-4A32-4482-9C42-FD742A5CD48F}"
EndProject
Project("{FAE04EC0-301F-11D3-BF4B-00C04F79EFBC}") = "Coupling.Domain.Model.Membership", "Coupling.Domain.Model.Membership\Coupling.Domain.Model.Membership.csproj", "{55292674-FC5E-4F1E-ABC4-CBAB33447296}"
EndProject
Project("{FAE04EC0-301F-11D3-BF4B-00C04F79EFBC}") = "Coupling.Domain.Tests", "Coupling.Domain.Tests\Coupling.Domain.Tests.csproj", "{DE58C343-3C15-4066-ACB2-81DC2660BCA6}"
EndProject
Project("{FAE04EC0-301F-11D3-BF4B-00C04F79EFBC}") = "Coupling.Security", "Coupling.Security\Coupling.Security.csproj", "{CAA5DAD2-6D6B-4642-80B3-B402841FFDF0}"
EndProject
Project("{FAE04EC0-301F-11D3-BF4B-00C04F79EFBC}") = "Coupling.Security.Tests", "Coupling.Security.Tests\Coupling.Security.Tests.csproj", "{37D2B6CD-EF9B-4989-B5D0-D4B6ED5D5033}"
EndProject
Global
	GlobalSection(SolutionConfigurationPlatforms) = preSolution
		Debug|Any CPU = Debug|Any CPU
		Release|Any CPU = Release|Any CPU
	EndGlobalSection
	GlobalSection(ProjectConfigurationPlatforms) = postSolution
		{ACA4B94D-3F67-47C8-B1C7-551F17E9D788}.Debug|Any CPU.ActiveCfg = Debug|Any CPU
		{ACA4B94D-3F67-47C8-B1C7-551F17E9D788}.Debug|Any CPU.Build.0 = Debug|Any CPU
		{ACA4B94D-3F67-47C8-B1C7-551F17E9D788}.Release|Any CPU.ActiveCfg = Release|Any CPU
		{ACA4B94D-3F67-47C8-B1C7-551F17E9D788}.Release|Any CPU.Build.0 = Release|Any CPU
		{5F024EF9-F508-472B-9BBA-8557DBD7FF2E}.Debug|Any CPU.ActiveCfg = Debug|Any CPU
		{5F024EF9-F508-472B-9BBA-8557DBD7FF2E}.Debug|Any CPU.Build.0 = Debug|Any CPU
		{5F024EF9-F508-472B-9BBA-8557DBD7FF2E}.Release|Any CPU.ActiveCfg = Release|Any CPU
		{5F024EF9-F508-472B-9BBA-8557DBD7FF2E}.Release|Any CPU.Build.0 = Release|Any CPU
		{5AA5D2EB-DC5B-4557-831E-52B61BDB72B1}.Debug|Any CPU.ActiveCfg = Debug|Any CPU
		{5AA5D2EB-DC5B-4557-831E-52B61BDB72B1}.Debug|Any CPU.Build.0 = Debug|Any CPU
		{5AA5D2EB-DC5B-4557-831E-52B61BDB72B1}.Release|Any CPU.ActiveCfg = Release|Any CPU
		{5AA5D2EB-DC5B-4557-831E-52B61BDB72B1}.Release|Any CPU.Build.0 = Release|Any CPU
		{EDCFFD36-B49F-4502-B034-BD91E19BAD9A}.Debug|Any CPU.ActiveCfg = Debug|Any CPU
		{EDCFFD36-B49F-4502-B034-BD91E19BAD9A}.Debug|Any CPU.Build.0 = Debug|Any CPU
		{EDCFFD36-B49F-4502-B034-BD91E19BAD9A}.Release|Any CPU.ActiveCfg = Release|Any CPU
		{EDCFFD36-B49F-4502-B034-BD91E19BAD9A}.Release|Any CPU.Build.0 = Release|Any CPU
		{193B6D01-4A32-4482-9C42-FD742A5CD48F}.Debug|Any CPU.ActiveCfg = Debug|Any CPU
		{193B6D01-4A32-4482-9C42-FD742A5CD48F}.Debug|Any CPU.Build.0 = Debug|Any CPU
		{193B6D01-4A32-4482-9C42-FD742A5CD48F}.Release|Any CPU.ActiveCfg = Release|Any CPU
		{193B6D01-4A32-4482-9C42-FD742A5CD48F}.Release|Any CPU.Build.0 = Release|Any CPU
		{55292674-FC5E-4F1E-ABC4-CBAB33447296}.Debug|Any CPU.ActiveCfg = Debug|Any CPU
		{55292674-FC5E-4F1E-ABC4-CBAB33447296}.Debug|Any CPU.Build.0 = Debug|Any CPU
		{55292674-FC5E-4F1E-ABC4-CBAB33447296}.Release|Any CPU.ActiveCfg = Release|Any CPU
		{55292674-FC5E-4F1E-ABC4-CBAB33447296}.Release|Any CPU.Build.0 = Release|Any CPU
		{DE58C343-3C15-4066-ACB2-81DC2660BCA6}.Debug|Any CPU.ActiveCfg = Debug|Any CPU
		{DE58C343-3C15-4066-ACB2-81DC2660BCA6}.Debug|Any CPU.Build.0 = Debug|Any CPU
		{DE58C343-3C15-4066-ACB2-81DC2660BCA6}.Release|Any CPU.ActiveCfg = Release|Any CPU
		{DE58C343-3C15-4066-ACB2-81DC2660BCA6}.Release|Any CPU.Build.0 = Release|Any CPU
		{CAA5DAD2-6D6B-4642-80B3-B402841FFDF0}.Debug|Any CPU.ActiveCfg = Debug|Any CPU
		{CAA5DAD2-6D6B-4642-80B3-B402841FFDF0}.Debug|Any CPU.Build.0 = Debug|Any CPU
		{CAA5DAD2-6D6B-4642-80B3-B402841FFDF0}.Release|Any CPU.ActiveCfg = Release|Any CPU
		{CAA5DAD2-6D6B-4642-80B3-B402841FFDF0}.Release|Any CPU.Build.0 = Release|Any CPU
		{37D2B6CD-EF9B-4989-B5D0-D4B6ED5D5033}.Debug|Any CPU.ActiveCfg = Debug|Any CPU
		{37D2B6CD-EF9B-4989-B5D0-D4B6ED5D5033}.Debug|Any CPU.Build.0 = Debug|Any CPU
		{37D2B6CD-EF9B-4989-B5D0-D4B6ED5D5033}.Release|Any CPU.ActiveCfg = Release|Any CPU
		{37D2B6CD-EF9B-4989-B5D0-D4B6ED5D5033}.Release|Any CPU.Build.0 = Release|Any CPU
	EndGlobalSection
	GlobalSection(SolutionProperties) = preSolution
		HideSolutionNode = FALSE
	EndGlobalSection
EndGlobal
